
Microsoft Visual Studio Solution File, Format Version 12.00
# Visual Studio Version 17
VisualStudioVersion = 17.8.34309.116
MinimumVisualStudioVersion = 10.0.40219.1
Project("{FAE04EC0-301F-11D3-BF4B-00C04F79EFBC}") = "UniHumanoid", "UniHumanoid.csproj", "{C99FA052-DB2B-3ACC-38B7-B8E86011C727}"
EndProject
Project("{FAE04EC0-301F-11D3-BF4B-00C04F79EFBC}") = "UniGLTF", "UniGLTF.csproj", "{9B88FAF7-6866-9C67-04E9-E01D897F5216}"
EndProject
Project("{FAE04EC0-301F-11D3-BF4B-00C04F79EFBC}") = "FastSpringBone", "FastSpringBone.csproj", "{44B4BF64-E008-D067-7170-E53B1C5D0C09}"
EndProject
Project("{FAE04EC0-301F-11D3-BF4B-00C04F79EFBC}") = "UniGLTF.Tests", "UniGLTF.Tests.csproj", "{CF655163-AA0F-DA26-73C3-094D00EF34D1}"
EndProject
Project("{FAE04EC0-301F-11D3-BF4B-00C04F79EFBC}") = "UniGLTF.Editor", "UniGLTF.Editor.csproj", "{307765E5-0627-9373-17B5-6F64D1411745}"
EndProject
Project("{FAE04EC0-301F-11D3-BF4B-00C04F79EFBC}") = "VRMShaders.GLTF.IO.Editor", "VRMShaders.GLTF.IO.Editor.csproj", "{E91BA7CE-198B-D234-6A03-17D0786E7585}"
EndProject
Project("{FAE04EC0-301F-11D3-BF4B-00C04F79EFBC}") = "VRMShaders.GLTF.IO.Runtime", "VRMShaders.GLTF.IO.Runtime.csproj", "{6501168B-81F8-4C05-A0FF-7C4AE919069E}"
EndProject
Project("{FAE04EC0-301F-11D3-BF4B-00C04F79EFBC}") = "UniVRM.Editor", "UniVRM.Editor.csproj", "{9203A2AC-45CE-B5BC-036C-C74937AE92D1}"
EndProject
Project("{FAE04EC0-301F-11D3-BF4B-00C04F79EFBC}") = "VRM", "VRM.csproj", "{AD8B345B-64DA-7FAE-FCF9-AC5D02A4EAEA}"
EndProject
Project("{FAE04EC0-301F-11D3-BF4B-00C04F79EFBC}") = "VRMShaders.GLTF.IO.Tests", "VRMShaders.GLTF.IO.Tests.csproj", "{2E8214D2-F83C-4B82-CCD0-87FD58ECB42A}"
EndProject
Project("{FAE04EC0-301F-11D3-BF4B-00C04F79EFBC}") = "VRMShaders.VRM10.MToon10.Runtime", "VRMShaders.VRM10.MToon10.Runtime.csproj", "{C5461887-4D05-0409-EA47-B9E24719F874}"
EndProject
Project("{FAE04EC0-301F-11D3-BF4B-00C04F79EFBC}") = "MToon", "MToon.csproj", "{C1BEA80F-91BE-CFF9-8FFA-050191963E18}"
EndProject
Project("{FAE04EC0-301F-11D3-BF4B-00C04F79EFBC}") = "lilToon.Editor", "lilToon.Editor.csproj", "{246F27D4-9994-C59A-0FB5-C92ECCF8F7F7}"
EndProject
Project("{FAE04EC0-301F-11D3-BF4B-00C04F79EFBC}") = "VRM.Tests", "VRM.Tests.csproj", "{19D59E17-EABE-3BE9-F14D-B84E3ADB9B06}"
EndProject
Project("{FAE04EC0-301F-11D3-BF4B-00C04F79EFBC}") = "UniGLTF.Utils", "UniGLTF.Utils.csproj", "{63DCA612-8378-097D-B756-EEA7729A6C7B}"
EndProject
Project("{FAE04EC0-301F-11D3-BF4B-00C04F79EFBC}") = "Assembly-CSharp", "Assembly-CSharp.csproj", "{7BAC8BA2-404E-512D-5AF6-AD5CCA1667B8}"
EndProject
Project("{FAE04EC0-301F-11D3-BF4B-00C04F79EFBC}") = "Assembly-CSharp-Editor", "Assembly-CSharp-Editor.csproj", "{013B6863-E3D1-4951-93C2-B2892E9E6258}"
EndProject
Project("{FAE04EC0-301F-11D3-BF4B-00C04F79EFBC}") = "VRMShaders.VRM10.MToon10.Tests", "VRMShaders.VRM10.MToon10.Tests.csproj", "{C731023C-AE67-E9FD-E6EC-266C44687CFF}"
EndProject
Project("{FAE04EC0-301F-11D3-BF4B-00C04F79EFBC}") = "VRM.Samples.Editor.Tests", "VRM.Samples.Editor.Tests.csproj", "{8947DDC8-3818-E0BD-9A1A-8631DFD7A80E}"
EndProject
Project("{FAE04EC0-301F-11D3-BF4B-00C04F79EFBC}") = "VRMShaders.GLTF.UniUnlit.Runtime", "VRMShaders.GLTF.UniUnlit.Runtime.csproj", "{F9ADB750-389B-A80A-86A0-27E344B1DE19}"
EndProject
Project("{FAE04EC0-301F-11D3-BF4B-00C04F79EFBC}") = "VRMShaders.VRM10.MToon10.Editor", "VRMShaders.VRM10.MToon10.Editor.csproj", "{BE131ABA-2820-B27B-D9D5-845DEE317991}"
EndProject
Project("{FAE04EC0-301F-11D3-BF4B-00C04F79EFBC}") = "MToon.Editor", "MToon.Editor.csproj", "{FE9C23E9-31D6-81F5-9673-D8443F1C2173}"
EndProject
Project("{FAE04EC0-301F-11D3-BF4B-00C04F79EFBC}") = "VRMShaders.VRM.IO.Runtime", "VRMShaders.VRM.IO.Runtime.csproj", "{9FA29299-E77C-014D-7E61-D790C426D7E1}"
EndProject
Project("{FAE04EC0-301F-11D3-BF4B-00C04F79EFBC}") = "lilToon.Editor.External", "lilToon.Editor.External.csproj", "{B48F0833-806E-71E7-A39B-C9A0975E8B7F}"
EndProject
Project("{FAE04EC0-301F-11D3-BF4B-00C04F79EFBC}") = "VRMShaders.GLTF.UniUnlit.Editor", "VRMShaders.GLTF.UniUnlit.Editor.csproj", "{FAEA7FD5-72C8-FE18-6AB0-B1F97EC0C9E4}"
EndProject
Project("{FAE04EC0-301F-11D3-BF4B-00C04F79EFBC}") = "UniHumanoid.Editor", "UniHumanoid.Editor.csproj", "{87A47FD7-B14B-8D28-7F68-B3BCBFEC6135}"
EndProject
Project("{FAE04EC0-301F-11D3-BF4B-00C04F79EFBC}") = "UniHumanoid.Editor.Tests", "UniHumanoid.Editor.Tests.csproj", "{527A597F-44C8-36A9-953A-88ABDB97E808}"
EndProject
Project("{FAE04EC0-301F-11D3-BF4B-00C04F79EFBC}") = "Unity.UniversalToonShader.Urp.Editor", "Unity.UniversalToonShader.Urp.Editor.csproj", "{C3715D6B-DEF2-50C4-0765-43ECA810CA37}"
EndProject
Project("{FAE04EC0-301F-11D3-BF4B-00C04F79EFBC}") = "VRMShaders.VRM10.Format.Runtime", "VRMShaders.VRM10.Format.Runtime.csproj", "{F6D78524-0924-5C02-B6F3-70ABCA635FD9}"
EndProject
Global
	GlobalSection(SolutionConfigurationPlatforms) = preSolution
		Debug|Any CPU = Debug|Any CPU
		Release|Any CPU = Release|Any CPU
	EndGlobalSection
	GlobalSection(ProjectConfigurationPlatforms) = postSolution
		{C99FA052-DB2B-3ACC-38B7-B8E86011C727}.Debug|Any CPU.ActiveCfg = Debug|Any CPU
		{C99FA052-DB2B-3ACC-38B7-B8E86011C727}.Debug|Any CPU.Build.0 = Debug|Any CPU
		{C99FA052-DB2B-3ACC-38B7-B8E86011C727}.Release|Any CPU.ActiveCfg = Release|Any CPU
		{C99FA052-DB2B-3ACC-38B7-B8E86011C727}.Release|Any CPU.Build.0 = Release|Any CPU
		{9B88FAF7-6866-9C67-04E9-E01D897F5216}.Debug|Any CPU.ActiveCfg = Debug|Any CPU
		{9B88FAF7-6866-9C67-04E9-E01D897F5216}.Debug|Any CPU.Build.0 = Debug|Any CPU
		{9B88FAF7-6866-9C67-04E9-E01D897F5216}.Release|Any CPU.ActiveCfg = Release|Any CPU
		{9B88FAF7-6866-9C67-04E9-E01D897F5216}.Release|Any CPU.Build.0 = Release|Any CPU
		{44B4BF64-E008-D067-7170-E53B1C5D0C09}.Debug|Any CPU.ActiveCfg = Debug|Any CPU
		{44B4BF64-E008-D067-7170-E53B1C5D0C09}.Debug|Any CPU.Build.0 = Debug|Any CPU
		{44B4BF64-E008-D067-7170-E53B1C5D0C09}.Release|Any CPU.ActiveCfg = Release|Any CPU
		{44B4BF64-E008-D067-7170-E53B1C5D0C09}.Release|Any CPU.Build.0 = Release|Any CPU
		{CF655163-AA0F-DA26-73C3-094D00EF34D1}.Debug|Any CPU.ActiveCfg = Debug|Any CPU
		{CF655163-AA0F-DA26-73C3-094D00EF34D1}.Debug|Any CPU.Build.0 = Debug|Any CPU
		{CF655163-AA0F-DA26-73C3-094D00EF34D1}.Release|Any CPU.ActiveCfg = Release|Any CPU
		{CF655163-AA0F-DA26-73C3-094D00EF34D1}.Release|Any CPU.Build.0 = Release|Any CPU
		{307765E5-0627-9373-17B5-6F64D1411745}.Debug|Any CPU.ActiveCfg = Debug|Any CPU
		{307765E5-0627-9373-17B5-6F64D1411745}.Debug|Any CPU.Build.0 = Debug|Any CPU
		{307765E5-0627-9373-17B5-6F64D1411745}.Release|Any CPU.ActiveCfg = Release|Any CPU
		{307765E5-0627-9373-17B5-6F64D1411745}.Release|Any CPU.Build.0 = Release|Any CPU
		{E91BA7CE-198B-D234-6A03-17D0786E7585}.Debug|Any CPU.ActiveCfg = Debug|Any CPU
		{E91BA7CE-198B-D234-6A03-17D0786E7585}.Debug|Any CPU.Build.0 = Debug|Any CPU
		{E91BA7CE-198B-D234-6A03-17D0786E7585}.Release|Any CPU.ActiveCfg = Release|Any CPU
		{E91BA7CE-198B-D234-6A03-17D0786E7585}.Release|Any CPU.Build.0 = Release|Any CPU
		{6501168B-81F8-4C05-A0FF-7C4AE919069E}.Debug|Any CPU.ActiveCfg = Debug|Any CPU
		{6501168B-81F8-4C05-A0FF-7C4AE919069E}.Debug|Any CPU.Build.0 = Debug|Any CPU
		{6501168B-81F8-4C05-A0FF-7C4AE919069E}.Release|Any CPU.ActiveCfg = Release|Any CPU
		{6501168B-81F8-4C05-A0FF-7C4AE919069E}.Release|Any CPU.Build.0 = Release|Any CPU
		{9203A2AC-45CE-B5BC-036C-C74937AE92D1}.Debug|Any CPU.ActiveCfg = Debug|Any CPU
		{9203A2AC-45CE-B5BC-036C-C74937AE92D1}.Debug|Any CPU.Build.0 = Debug|Any CPU
		{9203A2AC-45CE-B5BC-036C-C74937AE92D1}.Release|Any CPU.ActiveCfg = Release|Any CPU
		{9203A2AC-45CE-B5BC-036C-C74937AE92D1}.Release|Any CPU.Build.0 = Release|Any CPU
		{AD8B345B-64DA-7FAE-FCF9-AC5D02A4EAEA}.Debug|Any CPU.ActiveCfg = Debug|Any CPU
		{AD8B345B-64DA-7FAE-FCF9-AC5D02A4EAEA}.Debug|Any CPU.Build.0 = Debug|Any CPU
		{AD8B345B-64DA-7FAE-FCF9-AC5D02A4EAEA}.Release|Any CPU.ActiveCfg = Release|Any CPU
		{AD8B345B-64DA-7FAE-FCF9-AC5D02A4EAEA}.Release|Any CPU.Build.0 = Release|Any CPU
		{2E8214D2-F83C-4B82-CCD0-87FD58ECB42A}.Debug|Any CPU.ActiveCfg = Debug|Any CPU
		{2E8214D2-F83C-4B82-CCD0-87FD58ECB42A}.Debug|Any CPU.Build.0 = Debug|Any CPU
		{2E8214D2-F83C-4B82-CCD0-87FD58ECB42A}.Release|Any CPU.ActiveCfg = Release|Any CPU
		{2E8214D2-F83C-4B82-CCD0-87FD58ECB42A}.Release|Any CPU.Build.0 = Release|Any CPU
		{C5461887-4D05-0409-EA47-B9E24719F874}.Debug|Any CPU.ActiveCfg = Debug|Any CPU
		{C5461887-4D05-0409-EA47-B9E24719F874}.Debug|Any CPU.Build.0 = Debug|Any CPU
		{C5461887-4D05-0409-EA47-B9E24719F874}.Release|Any CPU.ActiveCfg = Release|Any CPU
		{C5461887-4D05-0409-EA47-B9E24719F874}.Release|Any CPU.Build.0 = Release|Any CPU
		{C1BEA80F-91BE-CFF9-8FFA-050191963E18}.Debug|Any CPU.ActiveCfg = Debug|Any CPU
		{C1BEA80F-91BE-CFF9-8FFA-050191963E18}.Debug|Any CPU.Build.0 = Debug|Any CPU
		{C1BEA80F-91BE-CFF9-8FFA-050191963E18}.Release|Any CPU.ActiveCfg = Release|Any CPU
		{C1BEA80F-91BE-CFF9-8FFA-050191963E18}.Release|Any CPU.Build.0 = Release|Any CPU
		{246F27D4-9994-C59A-0FB5-C92ECCF8F7F7}.Debug|Any CPU.ActiveCfg = Debug|Any CPU
		{246F27D4-9994-C59A-0FB5-C92ECCF8F7F7}.Debug|Any CPU.Build.0 = Debug|Any CPU
		{246F27D4-9994-C59A-0FB5-C92ECCF8F7F7}.Release|Any CPU.ActiveCfg = Release|Any CPU
		{246F27D4-9994-C59A-0FB5-C92ECCF8F7F7}.Release|Any CPU.Build.0 = Release|Any CPU
		{19D59E17-EABE-3BE9-F14D-B84E3ADB9B06}.Debug|Any CPU.ActiveCfg = Debug|Any CPU
		{19D59E17-EABE-3BE9-F14D-B84E3ADB9B06}.Debug|Any CPU.Build.0 = Debug|Any CPU
		{19D59E17-EABE-3BE9-F14D-B84E3ADB9B06}.Release|Any CPU.ActiveCfg = Release|Any CPU
		{19D59E17-EABE-3BE9-F14D-B84E3ADB9B06}.Release|Any CPU.Build.0 = Release|Any CPU
		{63DCA612-8378-097D-B756-EEA7729A6C7B}.Debug|Any CPU.ActiveCfg = Debug|Any CPU
		{63DCA612-8378-097D-B756-EEA7729A6C7B}.Debug|Any CPU.Build.0 = Debug|Any CPU
		{63DCA612-8378-097D-B756-EEA7729A6C7B}.Release|Any CPU.ActiveCfg = Release|Any CPU
		{63DCA612-8378-097D-B756-EEA7729A6C7B}.Release|Any CPU.Build.0 = Release|Any CPU
		{7BAC8BA2-404E-512D-5AF6-AD5CCA1667B8}.Debug|Any CPU.ActiveCfg = Debug|Any CPU
		{7BAC8BA2-404E-512D-5AF6-AD5CCA1667B8}.Debug|Any CPU.Build.0 = Debug|Any CPU
		{7BAC8BA2-404E-512D-5AF6-AD5CCA1667B8}.Release|Any CPU.ActiveCfg = Release|Any CPU
		{7BAC8BA2-404E-512D-5AF6-AD5CCA1667B8}.Release|Any CPU.Build.0 = Release|Any CPU
		{013B6863-E3D1-4951-93C2-B2892E9E6258}.Debug|Any CPU.ActiveCfg = Debug|Any CPU
		{013B6863-E3D1-4951-93C2-B2892E9E6258}.Debug|Any CPU.Build.0 = Debug|Any CPU
		{013B6863-E3D1-4951-93C2-B2892E9E6258}.Release|Any CPU.ActiveCfg = Release|Any CPU
		{013B6863-E3D1-4951-93C2-B2892E9E6258}.Release|Any CPU.Build.0 = Release|Any CPU
		{C731023C-AE67-E9FD-E6EC-266C44687CFF}.Debug|Any CPU.ActiveCfg = Debug|Any CPU
		{C731023C-AE67-E9FD-E6EC-266C44687CFF}.Debug|Any CPU.Build.0 = Debug|Any CPU
		{C731023C-AE67-E9FD-E6EC-266C44687CFF}.Release|Any CPU.ActiveCfg = Release|Any CPU
		{C731023C-AE67-E9FD-E6EC-266C44687CFF}.Release|Any CPU.Build.0 = Release|Any CPU
		{8947DDC8-3818-E0BD-9A1A-8631DFD7A80E}.Debug|Any CPU.ActiveCfg = Debug|Any CPU
		{8947DDC8-3818-E0BD-9A1A-8631DFD7A80E}.Debug|Any CPU.Build.0 = Debug|Any CPU
		{8947DDC8-3818-E0BD-9A1A-8631DFD7A80E}.Release|Any CPU.ActiveCfg = Release|Any CPU
		{8947DDC8-3818-E0BD-9A1A-8631DFD7A80E}.Release|Any CPU.Build.0 = Release|Any CPU
		{F9ADB750-389B-A80A-86A0-27E344B1DE19}.Debug|Any CPU.ActiveCfg = Debug|Any CPU
		{F9ADB750-389B-A80A-86A0-27E344B1DE19}.Debug|Any CPU.Build.0 = Debug|Any CPU
		{F9ADB750-389B-A80A-86A0-27E344B1DE19}.Release|Any CPU.ActiveCfg = Release|Any CPU
		{F9ADB750-389B-A80A-86A0-27E344B1DE19}.Release|Any CPU.Build.0 = Release|Any CPU
		{BE131ABA-2820-B27B-D9D5-845DEE317991}.Debug|Any CPU.ActiveCfg = Debug|Any CPU
		{BE131ABA-2820-B27B-D9D5-845DEE317991}.Debug|Any CPU.Build.0 = Debug|Any CPU
		{BE131ABA-2820-B27B-D9D5-845DEE317991}.Release|Any CPU.ActiveCfg = Release|Any CPU
		{BE131ABA-2820-B27B-D9D5-845DEE317991}.Release|Any CPU.Build.0 = Release|Any CPU
		{FE9C23E9-31D6-81F5-9673-D8443F1C2173}.Debug|Any CPU.ActiveCfg = Debug|Any CPU
		{FE9C23E9-31D6-81F5-9673-D8443F1C2173}.Debug|Any CPU.Build.0 = Debug|Any CPU
		{FE9C23E9-31D6-81F5-9673-D8443F1C2173}.Release|Any CPU.ActiveCfg = Release|Any CPU
		{FE9C23E9-31D6-81F5-9673-D8443F1C2173}.Release|Any CPU.Build.0 = Release|Any CPU
		{9FA29299-E77C-014D-7E61-D790C426D7E1}.Debug|Any CPU.ActiveCfg = Debug|Any CPU
		{9FA29299-E77C-014D-7E61-D790C426D7E1}.Debug|Any CPU.Build.0 = Debug|Any CPU
		{9FA29299-E77C-014D-7E61-D790C426D7E1}.Release|Any CPU.ActiveCfg = Release|Any CPU
		{9FA29299-E77C-014D-7E61-D790C426D7E1}.Release|Any CPU.Build.0 = Release|Any CPU
		{B48F0833-806E-71E7-A39B-C9A0975E8B7F}.Debug|Any CPU.ActiveCfg = Debug|Any CPU
		{B48F0833-806E-71E7-A39B-C9A0975E8B7F}.Debug|Any CPU.Build.0 = Debug|Any CPU
		{B48F0833-806E-71E7-A39B-C9A0975E8B7F}.Release|Any CPU.ActiveCfg = Release|Any CPU
		{B48F0833-806E-71E7-A39B-C9A0975E8B7F}.Release|Any CPU.Build.0 = Release|Any CPU
		{FAEA7FD5-72C8-FE18-6AB0-B1F97EC0C9E4}.Debug|Any CPU.ActiveCfg = Debug|Any CPU
		{FAEA7FD5-72C8-FE18-6AB0-B1F97EC0C9E4}.Debug|Any CPU.Build.0 = Debug|Any CPU
		{FAEA7FD5-72C8-FE18-6AB0-B1F97EC0C9E4}.Release|Any CPU.ActiveCfg = Release|Any CPU
		{FAEA7FD5-72C8-FE18-6AB0-B1F97EC0C9E4}.Release|Any CPU.Build.0 = Release|Any CPU
		{87A47FD7-B14B-8D28-7F68-B3BCBFEC6135}.Debug|Any CPU.ActiveCfg = Debug|Any CPU
		{87A47FD7-B14B-8D28-7F68-B3BCBFEC6135}.Debug|Any CPU.Build.0 = Debug|Any CPU
		{87A47FD7-B14B-8D28-7F68-B3BCBFEC6135}.Release|Any CPU.ActiveCfg = Release|Any CPU
		{87A47FD7-B14B-8D28-7F68-B3BCBFEC6135}.Release|Any CPU.Build.0 = Release|Any CPU
		{527A597F-44C8-36A9-953A-88ABDB97E808}.Debug|Any CPU.ActiveCfg = Debug|Any CPU
		{527A597F-44C8-36A9-953A-88ABDB97E808}.Debug|Any CPU.Build.0 = Debug|Any CPU
		{527A597F-44C8-36A9-953A-88ABDB97E808}.Release|Any CPU.ActiveCfg = Release|Any CPU
		{527A597F-44C8-36A9-953A-88ABDB97E808}.Release|Any CPU.Build.0 = Release|Any CPU
		{C3715D6B-DEF2-50C4-0765-43ECA810CA37}.Debug|Any CPU.ActiveCfg = Debug|Any CPU
		{C3715D6B-DEF2-50C4-0765-43ECA810CA37}.Debug|Any CPU.Build.0 = Debug|Any CPU
		{C3715D6B-DEF2-50C4-0765-43ECA810CA37}.Release|Any CPU.ActiveCfg = Release|Any CPU
		{C3715D6B-DEF2-50C4-0765-43ECA810CA37}.Release|Any CPU.Build.0 = Release|Any CPU
		{F6D78524-0924-5C02-B6F3-70ABCA635FD9}.Debug|Any CPU.ActiveCfg = Debug|Any CPU
		{F6D78524-0924-5C02-B6F3-70ABCA635FD9}.Debug|Any CPU.Build.0 = Debug|Any CPU
		{F6D78524-0924-5C02-B6F3-70ABCA635FD9}.Release|Any CPU.ActiveCfg = Release|Any CPU
		{F6D78524-0924-5C02-B6F3-70ABCA635FD9}.Release|Any CPU.Build.0 = Release|Any CPU
	EndGlobalSection
	GlobalSection(SolutionProperties) = preSolution
		HideSolutionNode = FALSE
	EndGlobalSection
EndGlobal
