
Microsoft Visual Studio Solution File, Format Version 12.00
# Visual Studio 15
Project("{FAE04EC0-301F-11D3-BF4B-00C04F79EFBC}") = "UniHumanoid", "UniHumanoid.csproj", "{F2A86E7A-0504-191D-099C-515ED662EE6F}"
EndProject
Project("{FAE04EC0-301F-11D3-BF4B-00C04F79EFBC}") = "UniGLTF", "UniGLTF.csproj", "{089284A3-8768-0F5D-4588-842B87131BD0}"
EndProject
Project("{FAE04EC0-301F-11D3-BF4B-00C04F79EFBC}") = "FastSpringBone", "FastSpringBone.csproj", "{E7BFCA2E-9837-012E-6D89-D69987A1A5F5}"
EndProject
Project("{FAE04EC0-301F-11D3-BF4B-00C04F79EFBC}") = "UniGLTF.Tests", "UniGLTF.Tests.csproj", "{C0E7E032-522D-39DE-E8D8-933911BD790F}"
EndProject
Project("{FAE04EC0-301F-11D3-BF4B-00C04F79EFBC}") = "UniGLTF.Editor", "UniGLTF.Editor.csproj", "{5C35E2CB-8F1C-F0A2-B227-D47472AD8851}"
EndProject
Project("{FAE04EC0-301F-11D3-BF4B-00C04F79EFBC}") = "VRMShaders.GLTF.IO.Editor", "VRMShaders.GLTF.IO.Editor.csproj", "{68F24A7F-3030-9A21-CA95-FFD3D2A03EB7}"
EndProject
Project("{FAE04EC0-301F-11D3-BF4B-00C04F79EFBC}") = "VRMShaders.GLTF.IO.Runtime", "VRMShaders.GLTF.IO.Runtime.csproj", "{BD1675A1-61B3-AC35-2787-73F9B944AB5C}"
EndProject
Project("{FAE04EC0-301F-11D3-BF4B-00C04F79EFBC}") = "UniVRM.Editor", "UniVRM.Editor.csproj", "{13BD2FB3-2FB6-4B8D-4D96-773A478EBD40}"
EndProject
Project("{FAE04EC0-301F-11D3-BF4B-00C04F79EFBC}") = "VRM", "VRM.csproj", "{C47F653B-6616-59EC-2F57-85BEE0BC9EA3}"
EndProject
Project("{FAE04EC0-301F-11D3-BF4B-00C04F79EFBC}") = "VRMShaders.GLTF.IO.Tests", "VRMShaders.GLTF.IO.Tests.csproj", "{DEBC7F9D-E303-F2C7-8B63-C4E9F5C7FF8C}"
EndProject
Project("{FAE04EC0-301F-11D3-BF4B-00C04F79EFBC}") = "VRMShaders.VRM10.MToon10.Runtime", "VRMShaders.VRM10.MToon10.Runtime.csproj", "{40130396-EF4F-544B-521F-9CC632ED409C}"
EndProject
Project("{FAE04EC0-301F-11D3-BF4B-00C04F79EFBC}") = "MToon", "MToon.csproj", "{59E29DAF-CA46-D995-CA79-C0EAB7BA3EEB}"
EndProject
Project("{FAE04EC0-301F-11D3-BF4B-00C04F79EFBC}") = "lilToon.Editor", "lilToon.Editor.csproj", "{E398A18A-4201-C92F-4CFC-D7428B8EF761}"
EndProject
Project("{FAE04EC0-301F-11D3-BF4B-00C04F79EFBC}") = "VRM.Tests", "VRM.Tests.csproj", "{98727825-40F1-20A0-8DDF-985A3A01A406}"
EndProject
Project("{FAE04EC0-301F-11D3-BF4B-00C04F79EFBC}") = "UniGLTF.Utils", "UniGLTF.Utils.csproj", "{1D4BF2BF-DD96-32A6-7FF7-37C5D730DEB7}"
EndProject
Project("{FAE04EC0-301F-11D3-BF4B-00C04F79EFBC}") = "Assembly-CSharp", "Assembly-CSharp.csproj", "{CCBB0D03-73DE-BD94-231F-7791B062D9A6}"
EndProject
Project("{FAE04EC0-301F-11D3-BF4B-00C04F79EFBC}") = "Assembly-CSharp-Editor", "Assembly-CSharp-Editor.csproj", "{2531E8AF-DAFD-1354-2EFA-53264D32E005}"
EndProject
Project("{FAE04EC0-301F-11D3-BF4B-00C04F79EFBC}") = "VRMShaders.VRM10.MToon10.Tests", "VRMShaders.VRM10.MToon10.Tests.csproj", "{6B118E1E-B9E2-C275-403A-2369BFEB069B}"
EndProject
Project("{FAE04EC0-301F-11D3-BF4B-00C04F79EFBC}") = "VRM.Samples.Editor.Tests", "VRM.Samples.Editor.Tests.csproj", "{BE7398FD-434E-8BBE-93BC-E0394DAE45CE}"
EndProject
Project("{FAE04EC0-301F-11D3-BF4B-00C04F79EFBC}") = "VRMShaders.GLTF.UniUnlit.Runtime", "VRMShaders.GLTF.UniUnlit.Runtime.csproj", "{7A6592E7-D870-C792-204A-F70D03D79C58}"
EndProject
Project("{FAE04EC0-301F-11D3-BF4B-00C04F79EFBC}") = "VRMShaders.VRM10.MToon10.Editor", "VRMShaders.VRM10.MToon10.Editor.csproj", "{D22AC88B-B722-4D66-961C-2420D6DE5B2B}"
EndProject
Project("{FAE04EC0-301F-11D3-BF4B-00C04F79EFBC}") = "MToon.Editor", "MToon.Editor.csproj", "{B99593E8-F66A-92BC-7D1F-41333347602A}"
EndProject
Project("{FAE04EC0-301F-11D3-BF4B-00C04F79EFBC}") = "VRMShaders.VRM.IO.Runtime", "VRMShaders.VRM.IO.Runtime.csproj", "{8289AF5B-6122-F9E6-83D1-58C0AB59D992}"
EndProject
Project("{FAE04EC0-301F-11D3-BF4B-00C04F79EFBC}") = "lilToon.Editor.External", "lilToon.Editor.External.csproj", "{E145EFF0-E708-63F6-067B-AD142EA6D76B}"
EndProject
Project("{FAE04EC0-301F-11D3-BF4B-00C04F79EFBC}") = "VRMShaders.GLTF.UniUnlit.Editor", "VRMShaders.GLTF.UniUnlit.Editor.csproj", "{DBB72E8A-32CE-9EAF-91C1-7B2D10E2B3D1}"
EndProject
Project("{FAE04EC0-301F-11D3-BF4B-00C04F79EFBC}") = "UniHumanoid.Editor", "UniHumanoid.Editor.csproj", "{6100FE77-0A5B-4D29-56F3-EEE26FAACA08}"
EndProject
Project("{FAE04EC0-301F-11D3-BF4B-00C04F79EFBC}") = "UniHumanoid.Editor.Tests", "UniHumanoid.Editor.Tests.csproj", "{3FD3B1EC-431B-1690-0184-00CF1B9A5114}"
EndProject
Project("{FAE04EC0-301F-11D3-BF4B-00C04F79EFBC}") = "VRMShaders.VRM10.Format.Runtime", "VRMShaders.VRM10.Format.Runtime.csproj", "{EE5FC0B3-CF66-D2DE-4382-C17B992862B6}"
EndProject
Global
	GlobalSection(SolutionConfigurationPlatforms) = preSolution
		Debug|Any CPU = Debug|Any CPU
		Release|Any CPU = Release|Any CPU
	EndGlobalSection
	GlobalSection(ProjectConfigurationPlatforms) = postSolution
		{F2A86E7A-0504-191D-099C-515ED662EE6F}.Debug|Any CPU.ActiveCfg = Debug|Any CPU
		{F2A86E7A-0504-191D-099C-515ED662EE6F}.Debug|Any CPU.Build.0 = Debug|Any CPU
		{F2A86E7A-0504-191D-099C-515ED662EE6F}.Release|Any CPU.ActiveCfg = Release|Any CPU
		{F2A86E7A-0504-191D-099C-515ED662EE6F}.Release|Any CPU.Build.0 = Release|Any CPU
		{089284A3-8768-0F5D-4588-842B87131BD0}.Debug|Any CPU.ActiveCfg = Debug|Any CPU
		{089284A3-8768-0F5D-4588-842B87131BD0}.Debug|Any CPU.Build.0 = Debug|Any CPU
		{089284A3-8768-0F5D-4588-842B87131BD0}.Release|Any CPU.ActiveCfg = Release|Any CPU
		{089284A3-8768-0F5D-4588-842B87131BD0}.Release|Any CPU.Build.0 = Release|Any CPU
		{E7BFCA2E-9837-012E-6D89-D69987A1A5F5}.Debug|Any CPU.ActiveCfg = Debug|Any CPU
		{E7BFCA2E-9837-012E-6D89-D69987A1A5F5}.Debug|Any CPU.Build.0 = Debug|Any CPU
		{E7BFCA2E-9837-012E-6D89-D69987A1A5F5}.Release|Any CPU.ActiveCfg = Release|Any CPU
		{E7BFCA2E-9837-012E-6D89-D69987A1A5F5}.Release|Any CPU.Build.0 = Release|Any CPU
		{C0E7E032-522D-39DE-E8D8-933911BD790F}.Debug|Any CPU.ActiveCfg = Debug|Any CPU
		{C0E7E032-522D-39DE-E8D8-933911BD790F}.Debug|Any CPU.Build.0 = Debug|Any CPU
		{C0E7E032-522D-39DE-E8D8-933911BD790F}.Release|Any CPU.ActiveCfg = Release|Any CPU
		{C0E7E032-522D-39DE-E8D8-933911BD790F}.Release|Any CPU.Build.0 = Release|Any CPU
		{5C35E2CB-8F1C-F0A2-B227-D47472AD8851}.Debug|Any CPU.ActiveCfg = Debug|Any CPU
		{5C35E2CB-8F1C-F0A2-B227-D47472AD8851}.Debug|Any CPU.Build.0 = Debug|Any CPU
		{5C35E2CB-8F1C-F0A2-B227-D47472AD8851}.Release|Any CPU.ActiveCfg = Release|Any CPU
		{5C35E2CB-8F1C-F0A2-B227-D47472AD8851}.Release|Any CPU.Build.0 = Release|Any CPU
		{68F24A7F-3030-9A21-CA95-FFD3D2A03EB7}.Debug|Any CPU.ActiveCfg = Debug|Any CPU
		{68F24A7F-3030-9A21-CA95-FFD3D2A03EB7}.Debug|Any CPU.Build.0 = Debug|Any CPU
		{68F24A7F-3030-9A21-CA95-FFD3D2A03EB7}.Release|Any CPU.ActiveCfg = Release|Any CPU
		{68F24A7F-3030-9A21-CA95-FFD3D2A03EB7}.Release|Any CPU.Build.0 = Release|Any CPU
		{BD1675A1-61B3-AC35-2787-73F9B944AB5C}.Debug|Any CPU.ActiveCfg = Debug|Any CPU
		{BD1675A1-61B3-AC35-2787-73F9B944AB5C}.Debug|Any CPU.Build.0 = Debug|Any CPU
		{BD1675A1-61B3-AC35-2787-73F9B944AB5C}.Release|Any CPU.ActiveCfg = Release|Any CPU
		{BD1675A1-61B3-AC35-2787-73F9B944AB5C}.Release|Any CPU.Build.0 = Release|Any CPU
		{13BD2FB3-2FB6-4B8D-4D96-773A478EBD40}.Debug|Any CPU.ActiveCfg = Debug|Any CPU
		{13BD2FB3-2FB6-4B8D-4D96-773A478EBD40}.Debug|Any CPU.Build.0 = Debug|Any CPU
		{13BD2FB3-2FB6-4B8D-4D96-773A478EBD40}.Release|Any CPU.ActiveCfg = Release|Any CPU
		{13BD2FB3-2FB6-4B8D-4D96-773A478EBD40}.Release|Any CPU.Build.0 = Release|Any CPU
		{C47F653B-6616-59EC-2F57-85BEE0BC9EA3}.Debug|Any CPU.ActiveCfg = Debug|Any CPU
		{C47F653B-6616-59EC-2F57-85BEE0BC9EA3}.Debug|Any CPU.Build.0 = Debug|Any CPU
		{C47F653B-6616-59EC-2F57-85BEE0BC9EA3}.Release|Any CPU.ActiveCfg = Release|Any CPU
		{C47F653B-6616-59EC-2F57-85BEE0BC9EA3}.Release|Any CPU.Build.0 = Release|Any CPU
		{DEBC7F9D-E303-F2C7-8B63-C4E9F5C7FF8C}.Debug|Any CPU.ActiveCfg = Debug|Any CPU
		{DEBC7F9D-E303-F2C7-8B63-C4E9F5C7FF8C}.Debug|Any CPU.Build.0 = Debug|Any CPU
		{DEBC7F9D-E303-F2C7-8B63-C4E9F5C7FF8C}.Release|Any CPU.ActiveCfg = Release|Any CPU
		{DEBC7F9D-E303-F2C7-8B63-C4E9F5C7FF8C}.Release|Any CPU.Build.0 = Release|Any CPU
		{40130396-EF4F-544B-521F-9CC632ED409C}.Debug|Any CPU.ActiveCfg = Debug|Any CPU
		{40130396-EF4F-544B-521F-9CC632ED409C}.Debug|Any CPU.Build.0 = Debug|Any CPU
		{40130396-EF4F-544B-521F-9CC632ED409C}.Release|Any CPU.ActiveCfg = Release|Any CPU
		{40130396-EF4F-544B-521F-9CC632ED409C}.Release|Any CPU.Build.0 = Release|Any CPU
		{59E29DAF-CA46-D995-CA79-C0EAB7BA3EEB}.Debug|Any CPU.ActiveCfg = Debug|Any CPU
		{59E29DAF-CA46-D995-CA79-C0EAB7BA3EEB}.Debug|Any CPU.Build.0 = Debug|Any CPU
		{59E29DAF-CA46-D995-CA79-C0EAB7BA3EEB}.Release|Any CPU.ActiveCfg = Release|Any CPU
		{59E29DAF-CA46-D995-CA79-C0EAB7BA3EEB}.Release|Any CPU.Build.0 = Release|Any CPU
		{E398A18A-4201-C92F-4CFC-D7428B8EF761}.Debug|Any CPU.ActiveCfg = Debug|Any CPU
		{E398A18A-4201-C92F-4CFC-D7428B8EF761}.Debug|Any CPU.Build.0 = Debug|Any CPU
		{E398A18A-4201-C92F-4CFC-D7428B8EF761}.Release|Any CPU.ActiveCfg = Release|Any CPU
		{E398A18A-4201-C92F-4CFC-D7428B8EF761}.Release|Any CPU.Build.0 = Release|Any CPU
		{98727825-40F1-20A0-8DDF-985A3A01A406}.Debug|Any CPU.ActiveCfg = Debug|Any CPU
		{98727825-40F1-20A0-8DDF-985A3A01A406}.Debug|Any CPU.Build.0 = Debug|Any CPU
		{98727825-40F1-20A0-8DDF-985A3A01A406}.Release|Any CPU.ActiveCfg = Release|Any CPU
		{98727825-40F1-20A0-8DDF-985A3A01A406}.Release|Any CPU.Build.0 = Release|Any CPU
		{1D4BF2BF-DD96-32A6-7FF7-37C5D730DEB7}.Debug|Any CPU.ActiveCfg = Debug|Any CPU
		{1D4BF2BF-DD96-32A6-7FF7-37C5D730DEB7}.Debug|Any CPU.Build.0 = Debug|Any CPU
		{1D4BF2BF-DD96-32A6-7FF7-37C5D730DEB7}.Release|Any CPU.ActiveCfg = Release|Any CPU
		{1D4BF2BF-DD96-32A6-7FF7-37C5D730DEB7}.Release|Any CPU.Build.0 = Release|Any CPU
		{CCBB0D03-73DE-BD94-231F-7791B062D9A6}.Debug|Any CPU.ActiveCfg = Debug|Any CPU
		{CCBB0D03-73DE-BD94-231F-7791B062D9A6}.Debug|Any CPU.Build.0 = Debug|Any CPU
		{CCBB0D03-73DE-BD94-231F-7791B062D9A6}.Release|Any CPU.ActiveCfg = Release|Any CPU
		{CCBB0D03-73DE-BD94-231F-7791B062D9A6}.Release|Any CPU.Build.0 = Release|Any CPU
		{2531E8AF-DAFD-1354-2EFA-53264D32E005}.Debug|Any CPU.ActiveCfg = Debug|Any CPU
		{2531E8AF-DAFD-1354-2EFA-53264D32E005}.Debug|Any CPU.Build.0 = Debug|Any CPU
		{2531E8AF-DAFD-1354-2EFA-53264D32E005}.Release|Any CPU.ActiveCfg = Release|Any CPU
		{2531E8AF-DAFD-1354-2EFA-53264D32E005}.Release|Any CPU.Build.0 = Release|Any CPU
		{6B118E1E-B9E2-C275-403A-2369BFEB069B}.Debug|Any CPU.ActiveCfg = Debug|Any CPU
		{6B118E1E-B9E2-C275-403A-2369BFEB069B}.Debug|Any CPU.Build.0 = Debug|Any CPU
		{6B118E1E-B9E2-C275-403A-2369BFEB069B}.Release|Any CPU.ActiveCfg = Release|Any CPU
		{6B118E1E-B9E2-C275-403A-2369BFEB069B}.Release|Any CPU.Build.0 = Release|Any CPU
		{BE7398FD-434E-8BBE-93BC-E0394DAE45CE}.Debug|Any CPU.ActiveCfg = Debug|Any CPU
		{BE7398FD-434E-8BBE-93BC-E0394DAE45CE}.Debug|Any CPU.Build.0 = Debug|Any CPU
		{BE7398FD-434E-8BBE-93BC-E0394DAE45CE}.Release|Any CPU.ActiveCfg = Release|Any CPU
		{BE7398FD-434E-8BBE-93BC-E0394DAE45CE}.Release|Any CPU.Build.0 = Release|Any CPU
		{7A6592E7-D870-C792-204A-F70D03D79C58}.Debug|Any CPU.ActiveCfg = Debug|Any CPU
		{7A6592E7-D870-C792-204A-F70D03D79C58}.Debug|Any CPU.Build.0 = Debug|Any CPU
		{7A6592E7-D870-C792-204A-F70D03D79C58}.Release|Any CPU.ActiveCfg = Release|Any CPU
		{7A6592E7-D870-C792-204A-F70D03D79C58}.Release|Any CPU.Build.0 = Release|Any CPU
		{D22AC88B-B722-4D66-961C-2420D6DE5B2B}.Debug|Any CPU.ActiveCfg = Debug|Any CPU
		{D22AC88B-B722-4D66-961C-2420D6DE5B2B}.Debug|Any CPU.Build.0 = Debug|Any CPU
		{D22AC88B-B722-4D66-961C-2420D6DE5B2B}.Release|Any CPU.ActiveCfg = Release|Any CPU
		{D22AC88B-B722-4D66-961C-2420D6DE5B2B}.Release|Any CPU.Build.0 = Release|Any CPU
		{B99593E8-F66A-92BC-7D1F-41333347602A}.Debug|Any CPU.ActiveCfg = Debug|Any CPU
		{B99593E8-F66A-92BC-7D1F-41333347602A}.Debug|Any CPU.Build.0 = Debug|Any CPU
		{B99593E8-F66A-92BC-7D1F-41333347602A}.Release|Any CPU.ActiveCfg = Release|Any CPU
		{B99593E8-F66A-92BC-7D1F-41333347602A}.Release|Any CPU.Build.0 = Release|Any CPU
		{8289AF5B-6122-F9E6-83D1-58C0AB59D992}.Debug|Any CPU.ActiveCfg = Debug|Any CPU
		{8289AF5B-6122-F9E6-83D1-58C0AB59D992}.Debug|Any CPU.Build.0 = Debug|Any CPU
		{8289AF5B-6122-F9E6-83D1-58C0AB59D992}.Release|Any CPU.ActiveCfg = Release|Any CPU
		{8289AF5B-6122-F9E6-83D1-58C0AB59D992}.Release|Any CPU.Build.0 = Release|Any CPU
		{E145EFF0-E708-63F6-067B-AD142EA6D76B}.Debug|Any CPU.ActiveCfg = Debug|Any CPU
		{E145EFF0-E708-63F6-067B-AD142EA6D76B}.Debug|Any CPU.Build.0 = Debug|Any CPU
		{E145EFF0-E708-63F6-067B-AD142EA6D76B}.Release|Any CPU.ActiveCfg = Release|Any CPU
		{E145EFF0-E708-63F6-067B-AD142EA6D76B}.Release|Any CPU.Build.0 = Release|Any CPU
		{DBB72E8A-32CE-9EAF-91C1-7B2D10E2B3D1}.Debug|Any CPU.ActiveCfg = Debug|Any CPU
		{DBB72E8A-32CE-9EAF-91C1-7B2D10E2B3D1}.Debug|Any CPU.Build.0 = Debug|Any CPU
		{DBB72E8A-32CE-9EAF-91C1-7B2D10E2B3D1}.Release|Any CPU.ActiveCfg = Release|Any CPU
		{DBB72E8A-32CE-9EAF-91C1-7B2D10E2B3D1}.Release|Any CPU.Build.0 = Release|Any CPU
		{6100FE77-0A5B-4D29-56F3-EEE26FAACA08}.Debug|Any CPU.ActiveCfg = Debug|Any CPU
		{6100FE77-0A5B-4D29-56F3-EEE26FAACA08}.Debug|Any CPU.Build.0 = Debug|Any CPU
		{6100FE77-0A5B-4D29-56F3-EEE26FAACA08}.Release|Any CPU.ActiveCfg = Release|Any CPU
		{6100FE77-0A5B-4D29-56F3-EEE26FAACA08}.Release|Any CPU.Build.0 = Release|Any CPU
		{3FD3B1EC-431B-1690-0184-00CF1B9A5114}.Debug|Any CPU.ActiveCfg = Debug|Any CPU
		{3FD3B1EC-431B-1690-0184-00CF1B9A5114}.Debug|Any CPU.Build.0 = Debug|Any CPU
		{3FD3B1EC-431B-1690-0184-00CF1B9A5114}.Release|Any CPU.ActiveCfg = Release|Any CPU
		{3FD3B1EC-431B-1690-0184-00CF1B9A5114}.Release|Any CPU.Build.0 = Release|Any CPU
		{EE5FC0B3-CF66-D2DE-4382-C17B992862B6}.Debug|Any CPU.ActiveCfg = Debug|Any CPU
		{EE5FC0B3-CF66-D2DE-4382-C17B992862B6}.Debug|Any CPU.Build.0 = Debug|Any CPU
		{EE5FC0B3-CF66-D2DE-4382-C17B992862B6}.Release|Any CPU.ActiveCfg = Release|Any CPU
		{EE5FC0B3-CF66-D2DE-4382-C17B992862B6}.Release|Any CPU.Build.0 = Release|Any CPU
	EndGlobalSection
	GlobalSection(SolutionProperties) = preSolution
		HideSolutionNode = FALSE
	EndGlobalSection
EndGlobal
